
Microsoft Visual Studio Solution File, Format Version 12.00
Project("{FAE04EC0-301F-11D3-BF4B-00C04F79EFBC}") = "ProfProject", "ProfProject\ProfProject.csproj", "{320E9445-8833-476B-8869-ED170910701F}"
EndProject
Global
	GlobalSection(SolutionConfigurationPlatforms) = preSolution
		Debug|Any CPU = Debug|Any CPU
		Release|Any CPU = Release|Any CPU
	EndGlobalSection
	GlobalSection(ProjectConfigurationPlatforms) = postSolution
		{320E9445-8833-476B-8869-ED170910701F}.Debug|Any CPU.ActiveCfg = Debug|Any CPU
		{320E9445-8833-476B-8869-ED170910701F}.Debug|Any CPU.Build.0 = Debug|Any CPU
		{320E9445-8833-476B-8869-ED170910701F}.Release|Any CPU.ActiveCfg = Release|Any CPU
		{320E9445-8833-476B-8869-ED170910701F}.Release|Any CPU.Build.0 = Release|Any CPU
	EndGlobalSection
EndGlobal
